
Microsoft Visual Studio Solution File, Format Version 12.00
# Visual Studio Version 17
VisualStudioVersion = 17.8.34309.116
MinimumVisualStudioVersion = 10.0.40219.1
Project("{9A19103F-16F7-4668-BE54-9A1E7A4F7556}") = "Serche", "Serche.csproj", "{73544E35-A0AE-4C66-9043-C5AB2C64866F}"
EndProject
Global
	GlobalSection(SolutionConfigurationPlatforms) = preSolution
		Debug|Any CPU = Debug|Any CPU
		Release|Any CPU = Release|Any CPU
	EndGlobalSection
	GlobalSection(ProjectConfigurationPlatforms) = postSolution
		{73544E35-A0AE-4C66-9043-C5AB2C64866F}.Debug|Any CPU.ActiveCfg = Debug|Any CPU
		{73544E35-A0AE-4C66-9043-C5AB2C64866F}.Debug|Any CPU.Build.0 = Debug|Any CPU
		{73544E35-A0AE-4C66-9043-C5AB2C64866F}.Release|Any CPU.ActiveCfg = Release|Any CPU
		{73544E35-A0AE-4C66-9043-C5AB2C64866F}.Release|Any CPU.Build.0 = Release|Any CPU
	EndGlobalSection
	GlobalSection(SolutionProperties) = preSolution
		HideSolutionNode = FALSE
	EndGlobalSection
	GlobalSection(ExtensibilityGlobals) = postSolution
		SolutionGuid = {1C2E5755-085C-4B16-B41A-349C3E762499}
	EndGlobalSection
EndGlobal
